
Microsoft Visual Studio Solution File, Format Version 12.00
# Visual Studio Version 16
VisualStudioVersion = 16.0.29322.22
MinimumVisualStudioVersion = 15.0.26124.0
Project("{2150E333-8FDC-42A3-9474-1A3956D46DE8}") = "Solution Items", "Solution Items", "{1CE9670B-D5FF-46A7-9D00-24E70E6ED48B}"
	ProjectSection(SolutionItems) = preProject
		.editorconfig = .editorconfig
		Directory.Build.props = Directory.Build.props
		Directory.Build.targets = Directory.Build.targets
		global.json = global.json
		nuget.config = nuget.config
		README.md = README.md
		stylecop.json = stylecop.json
		version.json = version.json
	EndProjectSection
EndProject
Project("{2150E333-8FDC-42A3-9474-1A3956D46DE8}") = "src", "src", "{9E154A29-1796-4B85-BD81-B6A385D8FF71}"
	ProjectSection(SolutionItems) = preProject
		src\.editorconfig = src\.editorconfig
		src\Directory.Build.props = src\Directory.Build.props
		src\Directory.Build.targets = src\Directory.Build.targets
	EndProjectSection
EndProject
Project("{2150E333-8FDC-42A3-9474-1A3956D46DE8}") = "test", "test", "{36CCE840-6FE5-4DB9-A8D5-8CF3CB6D342A}"
	ProjectSection(SolutionItems) = preProject
		test\.editorconfig = test\.editorconfig
		test\Directory.Build.props = test\Directory.Build.props
		test\Directory.Build.targets = test\Directory.Build.targets
	EndProjectSection
EndProject
Project("{FAE04EC0-301F-11D3-BF4B-00C04F79EFBC}") = "Rixian.CloudEvents", "src\Rixian.CloudEvents\Rixian.CloudEvents.csproj", "{894653C7-5123-4661-A4BF-228419AAC28C}"
EndProject
Project("{FAE04EC0-301F-11D3-BF4B-00C04F79EFBC}") = "Rixian.CloudEvents.Tests", "test\Rixian.CloudEvents.Tests\Rixian.CloudEvents.Tests.csproj", "{A5FFCB3F-4560-4993-A908-FD4AB5FF2432}"
EndProject
Project("{FAE04EC0-301F-11D3-BF4B-00C04F79EFBC}") = "Rixian.CloudEvents.NewtonsoftJson", "src\Rixian.CloudEvents.NewtonsoftJson\Rixian.CloudEvents.NewtonsoftJson.csproj", "{E3CA9496-3DE7-415C-8AEF-662812578762}"
EndProject
Project("{FAE04EC0-301F-11D3-BF4B-00C04F79EFBC}") = "Rixian.CloudEvents.NewtonsoftJson.Tests", "test\Rixian.CloudEvents.NewtonsoftJson.Tests\Rixian.CloudEvents.NewtonsoftJson.Tests.csproj", "{3CAC793E-0A3F-4624-94EF-10AB381046A3}"
EndProject
Global
	GlobalSection(SolutionConfigurationPlatforms) = preSolution
		Debug|Any CPU = Debug|Any CPU
		Release|Any CPU = Release|Any CPU
	EndGlobalSection
	GlobalSection(ProjectConfigurationPlatforms) = postSolution
		{894653C7-5123-4661-A4BF-228419AAC28C}.Debug|Any CPU.ActiveCfg = Debug|Any CPU
		{894653C7-5123-4661-A4BF-228419AAC28C}.Debug|Any CPU.Build.0 = Debug|Any CPU
		{894653C7-5123-4661-A4BF-228419AAC28C}.Release|Any CPU.ActiveCfg = Release|Any CPU
		{894653C7-5123-4661-A4BF-228419AAC28C}.Release|Any CPU.Build.0 = Release|Any CPU
		{A5FFCB3F-4560-4993-A908-FD4AB5FF2432}.Debug|Any CPU.ActiveCfg = Debug|Any CPU
		{A5FFCB3F-4560-4993-A908-FD4AB5FF2432}.Debug|Any CPU.Build.0 = Debug|Any CPU
		{A5FFCB3F-4560-4993-A908-FD4AB5FF2432}.Release|Any CPU.ActiveCfg = Release|Any CPU
		{A5FFCB3F-4560-4993-A908-FD4AB5FF2432}.Release|Any CPU.Build.0 = Release|Any CPU
		{E3CA9496-3DE7-415C-8AEF-662812578762}.Debug|Any CPU.ActiveCfg = Debug|Any CPU
		{E3CA9496-3DE7-415C-8AEF-662812578762}.Debug|Any CPU.Build.0 = Debug|Any CPU
		{E3CA9496-3DE7-415C-8AEF-662812578762}.Release|Any CPU.ActiveCfg = Release|Any CPU
		{E3CA9496-3DE7-415C-8AEF-662812578762}.Release|Any CPU.Build.0 = Release|Any CPU
		{3CAC793E-0A3F-4624-94EF-10AB381046A3}.Debug|Any CPU.ActiveCfg = Debug|Any CPU
		{3CAC793E-0A3F-4624-94EF-10AB381046A3}.Debug|Any CPU.Build.0 = Debug|Any CPU
		{3CAC793E-0A3F-4624-94EF-10AB381046A3}.Release|Any CPU.ActiveCfg = Release|Any CPU
		{3CAC793E-0A3F-4624-94EF-10AB381046A3}.Release|Any CPU.Build.0 = Release|Any CPU
	EndGlobalSection
	GlobalSection(SolutionProperties) = preSolution
		HideSolutionNode = FALSE
	EndGlobalSection
	GlobalSection(ExtensibilityGlobals) = postSolution
		SolutionGuid = {E3944F6A-384B-4B0F-B93F-3BD513DC57BD}
	EndGlobalSection
	GlobalSection(NestedProjects) = preSolution
		{894653C7-5123-4661-A4BF-228419AAC28C} = {9E154A29-1796-4B85-BD81-B6A385D8FF71}
		{A5FFCB3F-4560-4993-A908-FD4AB5FF2432} = {36CCE840-6FE5-4DB9-A8D5-8CF3CB6D342A}
		{E3CA9496-3DE7-415C-8AEF-662812578762} = {9E154A29-1796-4B85-BD81-B6A385D8FF71}
		{3CAC793E-0A3F-4624-94EF-10AB381046A3} = {36CCE840-6FE5-4DB9-A8D5-8CF3CB6D342A}
	EndGlobalSection
EndGlobal
